
Microsoft Visual Studio Solution File, Format Version 12.00
# Visual Studio Version 17
VisualStudioVersion = 17.6.33801.468
MinimumVisualStudioVersion = 10.0.40219.1
Project("{FAE04EC0-301F-11D3-BF4B-00C04F79EFBC}") = "New_Packman", "New_Packman\New_Packman.csproj", "{7F74D7C1-799C-4EE6-97CE-37D39ED63041}"
EndProject
Global
	GlobalSection(SolutionConfigurationPlatforms) = preSolution
		Debug|Any CPU = Debug|Any CPU
		Release|Any CPU = Release|Any CPU
	EndGlobalSection
	GlobalSection(ProjectConfigurationPlatforms) = postSolution
		{7F74D7C1-799C-4EE6-97CE-37D39ED63041}.Debug|Any CPU.ActiveCfg = Debug|Any CPU
		{7F74D7C1-799C-4EE6-97CE-37D39ED63041}.Debug|Any CPU.Build.0 = Debug|Any CPU
		{7F74D7C1-799C-4EE6-97CE-37D39ED63041}.Release|Any CPU.ActiveCfg = Release|Any CPU
		{7F74D7C1-799C-4EE6-97CE-37D39ED63041}.Release|Any CPU.Build.0 = Release|Any CPU
	EndGlobalSection
	GlobalSection(SolutionProperties) = preSolution
		HideSolutionNode = FALSE
	EndGlobalSection
	GlobalSection(ExtensibilityGlobals) = postSolution
		SolutionGuid = {AAE2624F-7C54-4996-8BF4-6B2EA462081C}
	EndGlobalSection
EndGlobal
